// !$*UTF8*$!
{
	archiveVersion = 1;
	classes = {
	};
	objectVersion = 77;
	objects = {

/* Begin PBXBuildFile section */
		29D3FC942D1489B600BF120B /* DebugSwift in Frameworks */ = {isa = PBXBuildFile; productRef = 29D3FC932D1489B600BF120B /* DebugSwift */; };
/* End PBXBuildFile section */

/* Begin PBXContainerItemProxy section */
		293668A22D1380ED00636F5C /* PBXContainerItemProxy */ = {
			isa = PBXContainerItemProxy;
			containerPortal = 293668892D1380EA00636F5C /* Project object */;
			proxyType = 1;
			remoteGlobalIDString = 293668902D1380EB00636F5C;
			remoteInfo = JSONPersistedMigration;
		};
		293668AC2D1380ED00636F5C /* PBXContainerItemProxy */ = {
			isa = PBXContainerItemProxy;
			containerPortal = 293668892D1380EA00636F5C /* Project object */;
			proxyType = 1;
			remoteGlobalIDString = 293668902D1380EB00636F5C;
			remoteInfo = JSONPersistedMigration;
		};
/* End PBXContainerItemProxy section */

/* Begin PBXFileReference section */
		293668912D1380EB00636F5C /* JSONPersistedMigration.app */ = {isa = PBXFileReference; explicitFileType = wrapper.application; includeInIndex = 0; path = JSONPersistedMigration.app; sourceTree = BUILT_PRODUCTS_DIR; };
		293668A12D1380ED00636F5C /* JSONPersistedMigrationTests.xctest */ = {isa = PBXFileReference; explicitFileType = wrapper.cfbundle; includeInIndex = 0; path = JSONPersistedMigrationTests.xctest; sourceTree = BUILT_PRODUCTS_DIR; };
		293668AB2D1380ED00636F5C /* JSONPersistedMigrationUITests.xctest */ = {isa = PBXFileReference; explicitFileType = wrapper.cfbundle; includeInIndex = 0; path = JSONPersistedMigrationUITests.xctest; sourceTree = BUILT_PRODUCTS_DIR; };
/* End PBXFileReference section */

/* Begin PBXFileSystemSynchronizedRootGroup section */
		293668932D1380EB00636F5C /* JSONPersistedMigration */ = {
			isa = PBXFileSystemSynchronizedRootGroup;
			path = JSONPersistedMigration;
			sourceTree = "<group>";
		};
		293668A42D1380ED00636F5C /* JSONPersistedMigrationTests */ = {
			isa = PBXFileSystemSynchronizedRootGroup;
			path = JSONPersistedMigrationTests;
			sourceTree = "<group>";
		};
		293668AE2D1380ED00636F5C /* JSONPersistedMigrationUITests */ = {
			isa = PBXFileSystemSynchronizedRootGroup;
			path = JSONPersistedMigrationUITests;
			sourceTree = "<group>";
		};
/* End PBXFileSystemSynchronizedRootGroup section */

/* Begin PBXFrameworksBuildPhase section */
		2936688E2D1380EB00636F5C /* Frameworks */ = {
			isa = PBXFrameworksBuildPhase;
			buildActionMask = 2147483647;
			files = (
				29D3FC942D1489B600BF120B /* DebugSwift in Frameworks */,
			);
			runOnlyForDeploymentPostprocessing = 0;
		};
		2936689E2D1380ED00636F5C /* Frameworks */ = {
			isa = PBXFrameworksBuildPhase;
			buildActionMask = 2147483647;
			files = (
			);
			runOnlyForDeploymentPostprocessing = 0;
		};
		293668A82D1380ED00636F5C /* Frameworks */ = {
			isa = PBXFrameworksBuildPhase;
			buildActionMask = 2147483647;
			files = (
			);
			runOnlyForDeploymentPostprocessing = 0;
		};
/* End PBXFrameworksBuildPhase section */

/* Begin PBXGroup section */
		293668882D1380EA00636F5C = {
			isa = PBXGroup;
			children = (
				293668932D1380EB00636F5C /* JSONPersistedMigration */,
				293668A42D1380ED00636F5C /* JSONPersistedMigrationTests */,
				293668AE2D1380ED00636F5C /* JSONPersistedMigrationUITests */,
				293668922D1380EB00636F5C /* Products */,
			);
			sourceTree = "<group>";
		};
		293668922D1380EB00636F5C /* Products */ = {
			isa = PBXGroup;
			children = (
				293668912D1380EB00636F5C /* JSONPersistedMigration.app */,
				293668A12D1380ED00636F5C /* JSONPersistedMigrationTests.xctest */,
				293668AB2D1380ED00636F5C /* JSONPersistedMigrationUITests.xctest */,
			);
			name = Products;
			sourceTree = "<group>";
		};
/* End PBXGroup section */

/* Begin PBXNativeTarget section */
		293668902D1380EB00636F5C /* JSONPersistedMigration */ = {
			isa = PBXNativeTarget;
			buildConfigurationList = 293668B52D1380ED00636F5C /* Build configuration list for PBXNativeTarget "JSONPersistedMigration" */;
			buildPhases = (
				2936688D2D1380EB00636F5C /* Sources */,
				2936688E2D1380EB00636F5C /* Frameworks */,
				2936688F2D1380EB00636F5C /* Resources */,
			);
			buildRules = (
			);
			dependencies = (
			);
			fileSystemSynchronizedGroups = (
				293668932D1380EB00636F5C /* JSONPersistedMigration */,
			);
			name = JSONPersistedMigration;
			packageProductDependencies = (
				29D3FC932D1489B600BF120B /* DebugSwift */,
			);
			productName = JSONPersistedMigration;
			productReference = 293668912D1380EB00636F5C /* JSONPersistedMigration.app */;
			productType = "com.apple.product-type.application";
		};
		293668A02D1380ED00636F5C /* JSONPersistedMigrationTests */ = {
			isa = PBXNativeTarget;
			buildConfigurationList = 293668B82D1380ED00636F5C /* Build configuration list for PBXNativeTarget "JSONPersistedMigrationTests" */;
			buildPhases = (
				2936689D2D1380ED00636F5C /* Sources */,
				2936689E2D1380ED00636F5C /* Frameworks */,
				2936689F2D1380ED00636F5C /* Resources */,
			);
			buildRules = (
			);
			dependencies = (
				293668A32D1380ED00636F5C /* PBXTargetDependency */,
			);
			fileSystemSynchronizedGroups = (
				293668A42D1380ED00636F5C /* JSONPersistedMigrationTests */,
			);
			name = JSONPersistedMigrationTests;
			packageProductDependencies = (
			);
			productName = JSONPersistedMigrationTests;
			productReference = 293668A12D1380ED00636F5C /* JSONPersistedMigrationTests.xctest */;
			productType = "com.apple.product-type.bundle.unit-test";
		};
		293668AA2D1380ED00636F5C /* JSONPersistedMigrationUITests */ = {
			isa = PBXNativeTarget;
			buildConfigurationList = 293668BB2D1380ED00636F5C /* Build configuration list for PBXNativeTarget "JSONPersistedMigrationUITests" */;
			buildPhases = (
				293668A72D1380ED00636F5C /* Sources */,
				293668A82D1380ED00636F5C /* Frameworks */,
				293668A92D1380ED00636F5C /* Resources */,
			);
			buildRules = (
			);
			dependencies = (
				293668AD2D1380ED00636F5C /* PBXTargetDependency */,
			);
			fileSystemSynchronizedGroups = (
				293668AE2D1380ED00636F5C /* JSONPersistedMigrationUITests */,
			);
			name = JSONPersistedMigrationUITests;
			packageProductDependencies = (
			);
			productName = JSONPersistedMigrationUITests;
			productReference = 293668AB2D1380ED00636F5C /* JSONPersistedMigrationUITests.xctest */;
			productType = "com.apple.product-type.bundle.ui-testing";
		};
/* End PBXNativeTarget section */

/* Begin PBXProject section */
		293668892D1380EA00636F5C /* Project object */ = {
			isa = PBXProject;
			attributes = {
				BuildIndependentTargetsInParallel = 1;
				LastSwiftUpdateCheck = 1610;
				LastUpgradeCheck = 1610;
				TargetAttributes = {
					293668902D1380EB00636F5C = {
						CreatedOnToolsVersion = 16.1;
					};
					293668A02D1380ED00636F5C = {
						CreatedOnToolsVersion = 16.1;
						TestTargetID = 293668902D1380EB00636F5C;
					};
					293668AA2D1380ED00636F5C = {
						CreatedOnToolsVersion = 16.1;
						TestTargetID = 293668902D1380EB00636F5C;
					};
				};
			};
			buildConfigurationList = 2936688C2D1380EA00636F5C /* Build configuration list for PBXProject "JSONPersistedMigration" */;
			developmentRegion = en;
			hasScannedForEncodings = 0;
			knownRegions = (
				en,
				Base,
			);
			mainGroup = 293668882D1380EA00636F5C;
			minimizedProjectReferenceProxies = 1;
			packageReferences = (
				29D3FC922D1489B600BF120B /* XCRemoteSwiftPackageReference "DebugSwift" */,
			);
			preferredProjectObjectVersion = 77;
			productRefGroup = 293668922D1380EB00636F5C /* Products */;
			projectDirPath = "";
			projectRoot = "";
			targets = (
				293668902D1380EB00636F5C /* JSONPersistedMigration */,
				293668A02D1380ED00636F5C /* JSONPersistedMigrationTests */,
				293668AA2D1380ED00636F5C /* JSONPersistedMigrationUITests */,
			);
		};
/* End PBXProject section */

/* Begin PBXResourcesBuildPhase section */
		2936688F2D1380EB00636F5C /* Resources */ = {
			isa = PBXResourcesBuildPhase;
			buildActionMask = 2147483647;
			files = (
			);
			runOnlyForDeploymentPostprocessing = 0;
		};
		2936689F2D1380ED00636F5C /* Resources */ = {
			isa = PBXResourcesBuildPhase;
			buildActionMask = 2147483647;
			files = (
			);
			runOnlyForDeploymentPostprocessing = 0;
		};
		293668A92D1380ED00636F5C /* Resources */ = {
			isa = PBXResourcesBuildPhase;
			buildActionMask = 2147483647;
			files = (
			);
			runOnlyForDeploymentPostprocessing = 0;
		};
/* End PBXResourcesBuildPhase section */

/* Begin PBXSourcesBuildPhase section */
		2936688D2D1380EB00636F5C /* Sources */ = {
			isa = PBXSourcesBuildPhase;
			buildActionMask = 2147483647;
			files = (
			);
			runOnlyForDeploymentPostprocessing = 0;
		};
		2936689D2D1380ED00636F5C /* Sources */ = {
			isa = PBXSourcesBuildPhase;
			buildActionMask = 2147483647;
			files = (
			);
			runOnlyForDeploymentPostprocessing = 0;
		};
		293668A72D1380ED00636F5C /* Sources */ = {
			isa = PBXSourcesBuildPhase;
			buildActionMask = 2147483647;
			files = (
			);
			runOnlyForDeploymentPostprocessing = 0;
		};
/* End PBXSourcesBuildPhase section */

/* Begin PBXTargetDependency section */
		293668A32D1380ED00636F5C /* PBXTargetDependency */ = {
			isa = PBXTargetDependency;
			target = 293668902D1380EB00636F5C /* JSONPersistedMigration */;
			targetProxy = 293668A22D1380ED00636F5C /* PBXContainerItemProxy */;
		};
		293668AD2D1380ED00636F5C /* PBXTargetDependency */ = {
			isa = PBXTargetDependency;
			target = 293668902D1380EB00636F5C /* JSONPersistedMigration */;
			targetProxy = 293668AC2D1380ED00636F5C /* PBXContainerItemProxy */;
		};
/* End PBXTargetDependency section */

/* Begin XCBuildConfiguration section */
		293668B32D1380ED00636F5C /* Debug */ = {
			isa = XCBuildConfiguration;
			buildSettings = {
				ALWAYS_SEARCH_USER_PATHS = NO;
				ASSETCATALOG_COMPILER_GENERATE_SWIFT_ASSET_SYMBOL_EXTENSIONS = YES;
				CLANG_ANALYZER_NONNULL = YES;
				CLANG_ANALYZER_NUMBER_OBJECT_CONVERSION = YES_AGGRESSIVE;
				CLANG_CXX_LANGUAGE_STANDARD = "gnu++20";
				CLANG_ENABLE_MODULES = YES;
				CLANG_ENABLE_OBJC_ARC = YES;
				CLANG_ENABLE_OBJC_WEAK = YES;
				CLANG_WARN_BLOCK_CAPTURE_AUTORELEASING = YES;
				CLANG_WARN_BOOL_CONVERSION = YES;
				CLANG_WARN_COMMA = YES;
				CLANG_WARN_CONSTANT_CONVERSION = YES;
				CLANG_WARN_DEPRECATED_OBJC_IMPLEMENTATIONS = YES;
				CLANG_WARN_DIRECT_OBJC_ISA_USAGE = YES_ERROR;
				CLANG_WARN_DOCUMENTATION_COMMENTS = YES;
				CLANG_WARN_EMPTY_BODY = YES;
				CLANG_WARN_ENUM_CONVERSION = YES;
				CLANG_WARN_INFINITE_RECURSION = YES;
				CLANG_WARN_INT_CONVERSION = YES;
				CLANG_WARN_NON_LITERAL_NULL_CONVERSION = YES;
				CLANG_WARN_OBJC_IMPLICIT_RETAIN_SELF = YES;
				CLANG_WARN_OBJC_LITERAL_CONVERSION = YES;
				CLANG_WARN_OBJC_ROOT_CLASS = YES_ERROR;
				CLANG_WARN_QUOTED_INCLUDE_IN_FRAMEWORK_HEADER = YES;
				CLANG_WARN_RANGE_LOOP_ANALYSIS = YES;
				CLANG_WARN_STRICT_PROTOTYPES = YES;
				CLANG_WARN_SUSPICIOUS_MOVE = YES;
				CLANG_WARN_UNGUARDED_AVAILABILITY = YES_AGGRESSIVE;
				CLANG_WARN_UNREACHABLE_CODE = YES;
				CLANG_WARN__DUPLICATE_METHOD_MATCH = YES;
				COPY_PHASE_STRIP = NO;
				DEBUG_INFORMATION_FORMAT = dwarf;
				ENABLE_STRICT_OBJC_MSGSEND = YES;
				ENABLE_TESTABILITY = YES;
				ENABLE_USER_SCRIPT_SANDBOXING = YES;
				GCC_C_LANGUAGE_STANDARD = gnu17;
				GCC_DYNAMIC_NO_PIC = NO;
				GCC_NO_COMMON_BLOCKS = YES;
				GCC_OPTIMIZATION_LEVEL = 0;
				GCC_PREPROCESSOR_DEFINITIONS = (
					"DEBUG=1",
					"$(inherited)",
				);
				GCC_WARN_64_TO_32_BIT_CONVERSION = YES;
				GCC_WARN_ABOUT_RETURN_TYPE = YES_ERROR;
				GCC_WARN_UNDECLARED_SELECTOR = YES;
				GCC_WARN_UNINITIALIZED_AUTOS = YES_AGGRESSIVE;
				GCC_WARN_UNUSED_FUNCTION = YES;
				GCC_WARN_UNUSED_VARIABLE = YES;
				IPHONEOS_DEPLOYMENT_TARGET = 18.1;
				LOCALIZATION_PREFERS_STRING_CATALOGS = YES;
				MTL_ENABLE_DEBUG_INFO = INCLUDE_SOURCE;
				MTL_FAST_MATH = YES;
				ONLY_ACTIVE_ARCH = YES;
				SDKROOT = iphoneos;
				SWIFT_ACTIVE_COMPILATION_CONDITIONS = "DEBUG $(inherited)";
				SWIFT_OPTIMIZATION_LEVEL = "-Onone";
				SWIFT_STRICT_CONCURRENCY = complete;
				SWIFT_VERSION = 6.0;
			};
			name = Debug;
		};
		293668B42D1380ED00636F5C /* Release */ = {
			isa = XCBuildConfiguration;
			buildSettings = {
				ALWAYS_SEARCH_USER_PATHS = NO;
				ASSETCATALOG_COMPILER_GENERATE_SWIFT_ASSET_SYMBOL_EXTENSIONS = YES;
				CLANG_ANALYZER_NONNULL = YES;
				CLANG_ANALYZER_NUMBER_OBJECT_CONVERSION = YES_AGGRESSIVE;
				CLANG_CXX_LANGUAGE_STANDARD = "gnu++20";
				CLANG_ENABLE_MODULES = YES;
				CLANG_ENABLE_OBJC_ARC = YES;
				CLANG_ENABLE_OBJC_WEAK = YES;
				CLANG_WARN_BLOCK_CAPTURE_AUTORELEASING = YES;
				CLANG_WARN_BOOL_CONVERSION = YES;
				CLANG_WARN_COMMA = YES;
				CLANG_WARN_CONSTANT_CONVERSION = YES;
				CLANG_WARN_DEPRECATED_OBJC_IMPLEMENTATIONS = YES;
				CLANG_WARN_DIRECT_OBJC_ISA_USAGE = YES_ERROR;
				CLANG_WARN_DOCUMENTATION_COMMENTS = YES;
				CLANG_WARN_EMPTY_BODY = YES;
				CLANG_WARN_ENUM_CONVERSION = YES;
				CLANG_WARN_INFINITE_RECURSION = YES;
				CLANG_WARN_INT_CONVERSION = YES;
				CLANG_WARN_NON_LITERAL_NULL_CONVERSION = YES;
				CLANG_WARN_OBJC_IMPLICIT_RETAIN_SELF = YES;
				CLANG_WARN_OBJC_LITERAL_CONVERSION = YES;
				CLANG_WARN_OBJC_ROOT_CLASS = YES_ERROR;
				CLANG_WARN_QUOTED_INCLUDE_IN_FRAMEWORK_HEADER = YES;
				CLANG_WARN_RANGE_LOOP_ANALYSIS = YES;
				CLANG_WARN_STRICT_PROTOTYPES = YES;
				CLANG_WARN_SUSPICIOUS_MOVE = YES;
				CLANG_WARN_UNGUARDED_AVAILABILITY = YES_AGGRESSIVE;
				CLANG_WARN_UNREACHABLE_CODE = YES;
				CLANG_WARN__DUPLICATE_METHOD_MATCH = YES;
				COPY_PHASE_STRIP = NO;
				DEBUG_INFORMATION_FORMAT = "dwarf-with-dsym";
				ENABLE_NS_ASSERTIONS = NO;
				ENABLE_STRICT_OBJC_MSGSEND = YES;
				ENABLE_USER_SCRIPT_SANDBOXING = YES;
				GCC_C_LANGUAGE_STANDARD = gnu17;
				GCC_NO_COMMON_BLOCKS = YES;
				GCC_WARN_64_TO_32_BIT_CONVERSION = YES;
				GCC_WARN_ABOUT_RETURN_TYPE = YES_ERROR;
				GCC_WARN_UNDECLARED_SELECTOR = YES;
				GCC_WARN_UNINITIALIZED_AUTOS = YES_AGGRESSIVE;
				GCC_WARN_UNUSED_FUNCTION = YES;
				GCC_WARN_UNUSED_VARIABLE = YES;
				IPHONEOS_DEPLOYMENT_TARGET = 18.1;
				LOCALIZATION_PREFERS_STRING_CATALOGS = YES;
				MTL_ENABLE_DEBUG_INFO = NO;
				MTL_FAST_MATH = YES;
				SDKROOT = iphoneos;
				SWIFT_COMPILATION_MODE = wholemodule;
				SWIFT_STRICT_CONCURRENCY = complete;
				SWIFT_VERSION = 6.0;
				VALIDATE_PRODUCT = YES;
			};
			name = Release;
		};
		293668B62D1380ED00636F5C /* Debug */ = {
			isa = XCBuildConfiguration;
			buildSettings = {
				ASSETCATALOG_COMPILER_APPICON_NAME = AppIcon;
				ASSETCATALOG_COMPILER_GLOBAL_ACCENT_COLOR_NAME = AccentColor;
				CODE_SIGN_STYLE = Automatic;
				CURRENT_PROJECT_VERSION = 1;
				DEVELOPMENT_ASSET_PATHS = "\"JSONPersistedMigration/Preview Content\"";
				DEVELOPMENT_TEAM = 7ZPDPWR8XU;
				ENABLE_PREVIEWS = YES;
				GENERATE_INFOPLIST_FILE = YES;
				INFOPLIST_KEY_UIApplicationSceneManifest_Generation = YES;
				INFOPLIST_KEY_UIApplicationSupportsIndirectInputEvents = YES;
				INFOPLIST_KEY_UILaunchScreen_Generation = YES;
				INFOPLIST_KEY_UISupportedInterfaceOrientations_iPad = "UIInterfaceOrientationPortrait UIInterfaceOrientationPortraitUpsideDown UIInterfaceOrientationLandscapeLeft UIInterfaceOrientationLandscapeRight";
				INFOPLIST_KEY_UISupportedInterfaceOrientations_iPhone = "UIInterfaceOrientationPortrait UIInterfaceOrientationLandscapeLeft UIInterfaceOrientationLandscapeRight";
				LD_RUNPATH_SEARCH_PATHS = (
					"$(inherited)",
					"@executable_path/Frameworks",
				);
				MARKETING_VERSION = 1.0;
				PRODUCT_BUNDLE_IDENTIFIER = jca.JSONPersistedMigration;
				PRODUCT_NAME = "$(TARGET_NAME)";
				SWIFT_EMIT_LOC_STRINGS = YES;
				SWIFT_VERSION = 6.0;
				TARGETED_DEVICE_FAMILY = "1,2";
			};
			name = Debug;
		};
		293668B72D1380ED00636F5C /* Release */ = {
			isa = XCBuildConfiguration;
			buildSettings = {
				ASSETCATALOG_COMPILER_APPICON_NAME = AppIcon;
				ASSETCATALOG_COMPILER_GLOBAL_ACCENT_COLOR_NAME = AccentColor;
				CODE_SIGN_STYLE = Automatic;
				CURRENT_PROJECT_VERSION = 1;
				DEVELOPMENT_ASSET_PATHS = "\"JSONPersistedMigration/Preview Content\"";
				DEVELOPMENT_TEAM = 7ZPDPWR8XU;
				ENABLE_PREVIEWS = YES;
				GENERATE_INFOPLIST_FILE = YES;
				INFOPLIST_KEY_UIApplicationSceneManifest_Generation = YES;
				INFOPLIST_KEY_UIApplicationSupportsIndirectInputEvents = YES;
				INFOPLIST_KEY_UILaunchScreen_Generation = YES;
				INFOPLIST_KEY_UISupportedInterfaceOrientations_iPad = "UIInterfaceOrientationPortrait UIInterfaceOrientationPortraitUpsideDown UIInterfaceOrientationLandscapeLeft UIInterfaceOrientationLandscapeRight";
				INFOPLIST_KEY_UISupportedInterfaceOrientations_iPhone = "UIInterfaceOrientationPortrait UIInterfaceOrientationLandscapeLeft UIInterfaceOrientationLandscapeRight";
				LD_RUNPATH_SEARCH_PATHS = (
					"$(inherited)",
					"@executable_path/Frameworks",
				);
				MARKETING_VERSION = 1.0;
				PRODUCT_BUNDLE_IDENTIFIER = jca.JSONPersistedMigration;
				PRODUCT_NAME = "$(TARGET_NAME)";
				SWIFT_EMIT_LOC_STRINGS = YES;
				SWIFT_VERSION = 6.0;
				TARGETED_DEVICE_FAMILY = "1,2";
			};
			name = Release;
		};
		293668B92D1380ED00636F5C /* Debug */ = {
			isa = XCBuildConfiguration;
			buildSettings = {
				BUNDLE_LOADER = "$(TEST_HOST)";
				CODE_SIGN_STYLE = Automatic;
				CURRENT_PROJECT_VERSION = 1;
				DEVELOPMENT_TEAM = 7ZPDPWR8XU;
				GENERATE_INFOPLIST_FILE = YES;
				IPHONEOS_DEPLOYMENT_TARGET = 18.1;
				MARKETING_VERSION = 1.0;
				PRODUCT_BUNDLE_IDENTIFIER = jca.JSONPersistedMigrationTests;
				PRODUCT_NAME = "$(TARGET_NAME)";
				SWIFT_EMIT_LOC_STRINGS = NO;
				SWIFT_VERSION = 5.0;
				TARGETED_DEVICE_FAMILY = "1,2";
				TEST_HOST = "$(BUILT_PRODUCTS_DIR)/JSONPersistedMigration.app/$(BUNDLE_EXECUTABLE_FOLDER_PATH)/JSONPersistedMigration";
			};
			name = Debug;
		};
		293668BA2D1380ED00636F5C /* Release */ = {
			isa = XCBuildConfiguration;
			buildSettings = {
				BUNDLE_LOADER = "$(TEST_HOST)";
				CODE_SIGN_STYLE = Automatic;
				CURRENT_PROJECT_VERSION = 1;
				DEVELOPMENT_TEAM = 7ZPDPWR8XU;
				GENERATE_INFOPLIST_FILE = YES;
				IPHONEOS_DEPLOYMENT_TARGET = 18.1;
				MARKETING_VERSION = 1.0;
				PRODUCT_BUNDLE_IDENTIFIER = jca.JSONPersistedMigrationTests;
				PRODUCT_NAME = "$(TARGET_NAME)";
				SWIFT_EMIT_LOC_STRINGS = NO;
				SWIFT_VERSION = 5.0;
				TARGETED_DEVICE_FAMILY = "1,2";
				TEST_HOST = "$(BUILT_PRODUCTS_DIR)/JSONPersistedMigration.app/$(BUNDLE_EXECUTABLE_FOLDER_PATH)/JSONPersistedMigration";
			};
			name = Release;
		};
		293668BC2D1380ED00636F5C /* Debug */ = {
			isa = XCBuildConfiguration;
			buildSettings = {
				CODE_SIGN_STYLE = Automatic;
				CURRENT_PROJECT_VERSION = 1;
				DEVELOPMENT_TEAM = 7ZPDPWR8XU;
				GENERATE_INFOPLIST_FILE = YES;
				MARKETING_VERSION = 1.0;
				PRODUCT_BUNDLE_IDENTIFIER = jca.JSONPersistedMigrationUITests;
				PRODUCT_NAME = "$(TARGET_NAME)";
				SWIFT_EMIT_LOC_STRINGS = NO;
				SWIFT_VERSION = 5.0;
				TARGETED_DEVICE_FAMILY = "1,2";
				TEST_TARGET_NAME = JSONPersistedMigration;
			};
			name = Debug;
		};
		293668BD2D1380ED00636F5C /* Release */ = {
			isa = XCBuildConfiguration;
			buildSettings = {
				CODE_SIGN_STYLE = Automatic;
				CURRENT_PROJECT_VERSION = 1;
				DEVELOPMENT_TEAM = 7ZPDPWR8XU;
				GENERATE_INFOPLIST_FILE = YES;
				MARKETING_VERSION = 1.0;
				PRODUCT_BUNDLE_IDENTIFIER = jca.JSONPersistedMigrationUITests;
				PRODUCT_NAME = "$(TARGET_NAME)";
				SWIFT_EMIT_LOC_STRINGS = NO;
				SWIFT_VERSION = 5.0;
				TARGETED_DEVICE_FAMILY = "1,2";
				TEST_TARGET_NAME = JSONPersistedMigration;
			};
			name = Release;
		};
/* End XCBuildConfiguration section */

/* Begin XCConfigurationList section */
		2936688C2D1380EA00636F5C /* Build configuration list for PBXProject "JSONPersistedMigration" */ = {
			isa = XCConfigurationList;
			buildConfigurations = (
				293668B32D1380ED00636F5C /* Debug */,
				293668B42D1380ED00636F5C /* Release */,
			);
			defaultConfigurationIsVisible = 0;
			defaultConfigurationName = Release;
		};
		293668B52D1380ED00636F5C /* Build configuration list for PBXNativeTarget "JSONPersistedMigration" */ = {
			isa = XCConfigurationList;
			buildConfigurations = (
				293668B62D1380ED00636F5C /* Debug */,
				293668B72D1380ED00636F5C /* Release */,
			);
			defaultConfigurationIsVisible = 0;
			defaultConfigurationName = Release;
		};
		293668B82D1380ED00636F5C /* Build configuration list for PBXNativeTarget "JSONPersistedMigrationTests" */ = {
			isa = XCConfigurationList;
			buildConfigurations = (
				293668B92D1380ED00636F5C /* Debug */,
				293668BA2D1380ED00636F5C /* Release */,
			);
			defaultConfigurationIsVisible = 0;
			defaultConfigurationName = Release;
		};
		293668BB2D1380ED00636F5C /* Build configuration list for PBXNativeTarget "JSONPersistedMigrationUITests" */ = {
			isa = XCConfigurationList;
			buildConfigurations = (
				293668BC2D1380ED00636F5C /* Debug */,
				293668BD2D1380ED00636F5C /* Release */,
			);
			defaultConfigurationIsVisible = 0;
			defaultConfigurationName = Release;
		};
/* End XCConfigurationList section */

/* Begin XCRemoteSwiftPackageReference section */
		29D3FC922D1489B600BF120B /* XCRemoteSwiftPackageReference "DebugSwift" */ = {
			isa = XCRemoteSwiftPackageReference;
			repositoryURL = "https://github.com/DebugSwift/DebugSwift";
			requirement = {
				kind = upToNextMajorVersion;
				minimumVersion = 0.3.8;
			};
		};
/* End XCRemoteSwiftPackageReference section */

/* Begin XCSwiftPackageProductDependency section */
		29D3FC932D1489B600BF120B /* DebugSwift */ = {
			isa = XCSwiftPackageProductDependency;
			package = 29D3FC922D1489B600BF120B /* XCRemoteSwiftPackageReference "DebugSwift" */;
			productName = DebugSwift;
		};
/* End XCSwiftPackageProductDependency section */
	};
	rootObject = 293668892D1380EA00636F5C /* Project object */;
}
